{
	"name": "esp-launchpad",
	"lockfileVersion": 2,
	"requires": true,
	"packages": {
		"": {
			"name": "esp-launchpad",
			"dependencies": {
				"crypto-js": "^4.1.1",
				"esptool-js": "^0.5.4",
				"smol-toml": "^1.1.2",
				"xterm": "^4.17.0",
				"xterm-addon-fit": "^0.5.0"
			}
		},
		"node_modules/atob-lite": {
			"version": "2.0.0",
			"resolved": "https://registry.npmjs.org/atob-lite/-/atob-lite-2.0.0.tgz",
			"integrity": "sha512-LEeSAWeh2Gfa2FtlQE1shxQ8zi5F9GHarrGKz08TMdODD5T4eH6BMsvtnhbWZ+XQn+Gb6om/917ucvRu7l7ukw=="
		},
		"node_modules/crypto-js": {
			"version": "4.1.1",
			"resolved": "https://registry.npmjs.org/crypto-js/-/crypto-js-4.1.1.tgz",
			"integrity": "sha512-o2JlM7ydqd3Qk9CA0L4NL6mTzU2sdx96a+oOfPu8Mkl/PK51vSyoi8/rQ8NknZtk44vq15lmhAj9CIAGwgeWKw=="
		},
		"node_modules/esptool-js": {
			"version": "0.5.4",
			"resolved": "https://registry.npmjs.org/esptool-js/-/esptool-js-0.5.4.tgz",
			"integrity": "sha512-B+XcbbPBjfmnMHVGktGlNI85BbEIQs02y4hoYuqM25q6yVPqLE3bxce/KWtKXH4IGruWTkEujqdKxNeWEV2BDg==",
			"license": "Apache-2.0",
			"dependencies": {
				"atob-lite": "^2.0.0",
				"pako": "^2.1.0",
				"tslib": "^2.4.1"
			}
		},
		"node_modules/pako": {
			"version": "2.1.0",
			"resolved": "https://registry.npmjs.org/pako/-/pako-2.1.0.tgz",
			"integrity": "sha512-w+eufiZ1WuJYgPXbV/PO3NCMEc3xqylkKHzp8bxp1uW4qaSNQUkwmLLEc3kKsfz8lpV1F8Ht3U1Cm+9Srog2ug=="
		},
		"node_modules/smol-toml": {
			"version": "1.1.2",
			"resolved": "https://registry.npmjs.org/smol-toml/-/smol-toml-1.1.2.tgz",
			"integrity": "sha512-opeweddRVyIFjnNPmEodUn4LlVeiZNE3OZ3QiLvyC/pWxNgW3z02oCTVOFVgYI1w1sSO4nifFCcvw1ADOMs5ag==",
			"engines": {
				"node": ">= 18",
				"pnpm": ">= 8"
			}
		},
		"node_modules/tslib": {
			"version": "2.6.2",
			"resolved": "https://registry.npmjs.org/tslib/-/tslib-2.6.2.tgz",
			"integrity": "sha512-AEYxH93jGFPn/a2iVAwW87VuUIkR1FVUKB77NwMF7nBTDkDrrT/Hpt/IrCJ0QXhW27jTBDcf5ZY7w6RiqTMw2Q=="
		},
		"node_modules/xterm": {
			"version": "4.19.0",
			"resolved": "https://registry.npmjs.org/xterm/-/xterm-4.19.0.tgz",
			"integrity": "sha512-c3Cp4eOVsYY5Q839dR5IejghRPpxciGmLWWaP9g+ppfMeBChMeLa1DCA+pmX/jyDZ+zxFOmlJL/82qVdayVoGQ=="
		},
		"node_modules/xterm-addon-fit": {
			"version": "0.5.0",
			"resolved": "https://registry.npmjs.org/xterm-addon-fit/-/xterm-addon-fit-0.5.0.tgz",
			"integrity": "sha512-DsS9fqhXHacEmsPxBJZvfj2la30Iz9xk+UKjhQgnYNkrUIN5CYLbw7WEfz117c7+S86S/tpHPfvNxJsF5/G8wQ==",
			"peerDependencies": {
				"xterm": "^4.0.0"
			}
		}
	},
	"dependencies": {
		"atob-lite": {
			"version": "2.0.0",
			"resolved": "https://registry.npmjs.org/atob-lite/-/atob-lite-2.0.0.tgz",
			"integrity": "sha512-LEeSAWeh2Gfa2FtlQE1shxQ8zi5F9GHarrGKz08TMdODD5T4eH6BMsvtnhbWZ+XQn+Gb6om/917ucvRu7l7ukw=="
		},
		"crypto-js": {
			"version": "4.1.1",
			"resolved": "https://registry.npmjs.org/crypto-js/-/crypto-js-4.1.1.tgz",
			"integrity": "sha512-o2JlM7ydqd3Qk9CA0L4NL6mTzU2sdx96a+oOfPu8Mkl/PK51vSyoi8/rQ8NknZtk44vq15lmhAj9CIAGwgeWKw=="
		},
		"esptool-js": {
			"version": "0.5.4",
			"resolved": "https://registry.npmjs.org/esptool-js/-/esptool-js-0.5.4.tgz",
			"integrity": "sha512-B+XcbbPBjfmnMHVGktGlNI85BbEIQs02y4hoYuqM25q6yVPqLE3bxce/KWtKXH4IGruWTkEujqdKxNeWEV2BDg==",
			"requires": {
				"atob-lite": "^2.0.0",
				"pako": "^2.1.0",
				"tslib": "^2.4.1"
			}
		},
		"pako": {
			"version": "2.1.0",
			"resolved": "https://registry.npmjs.org/pako/-/pako-2.1.0.tgz",
			"integrity": "sha512-w+eufiZ1WuJYgPXbV/PO3NCMEc3xqylkKHzp8bxp1uW4qaSNQUkwmLLEc3kKsfz8lpV1F8Ht3U1Cm+9Srog2ug=="
		},
		"smol-toml": {
			"version": "1.1.2",
			"resolved": "https://registry.npmjs.org/smol-toml/-/smol-toml-1.1.2.tgz",
			"integrity": "sha512-opeweddRVyIFjnNPmEodUn4LlVeiZNE3OZ3QiLvyC/pWxNgW3z02oCTVOFVgYI1w1sSO4nifFCcvw1ADOMs5ag=="
		},
		"tslib": {
			"version": "2.6.2",
			"resolved": "https://registry.npmjs.org/tslib/-/tslib-2.6.2.tgz",
			"integrity": "sha512-AEYxH93jGFPn/a2iVAwW87VuUIkR1FVUKB77NwMF7nBTDkDrrT/Hpt/IrCJ0QXhW27jTBDcf5ZY7w6RiqTMw2Q=="
		},
		"xterm": {
			"version": "4.19.0",
			"resolved": "https://registry.npmjs.org/xterm/-/xterm-4.19.0.tgz",
			"integrity": "sha512-c3Cp4eOVsYY5Q839dR5IejghRPpxciGmLWWaP9g+ppfMeBChMeLa1DCA+pmX/jyDZ+zxFOmlJL/82qVdayVoGQ=="
		},
		"xterm-addon-fit": {
			"version": "0.5.0",
			"resolved": "https://registry.npmjs.org/xterm-addon-fit/-/xterm-addon-fit-0.5.0.tgz",
			"integrity": "sha512-DsS9fqhXHacEmsPxBJZvfj2la30Iz9xk+UKjhQgnYNkrUIN5CYLbw7WEfz117c7+S86S/tpHPfvNxJsF5/G8wQ==",
			"requires": {}
		}
	}
}
